
Microsoft Visual Studio Solution File, Format Version 12.00
# Visual Studio 14
VisualStudioVersion = 14.0.25420.1
MinimumVisualStudioVersion = 10.0.40219.1
Project("{FAE04EC0-301F-11D3-BF4B-00C04F79EFBC}") = "Alpha.Collector.Dao", "Alpha.Collector.Dao\Alpha.Collector.Dao.csproj", "{7584C433-90C6-4182-839E-D3242E67D538}"
EndProject
Project("{FAE04EC0-301F-11D3-BF4B-00C04F79EFBC}") = "Alpha.Collector.Model", "Alpha.Collector.Model\Alpha.Collector.Model.csproj", "{5AAFB159-3DCE-4124-975A-7F4D62FC35C1}"
EndProject
Project("{FAE04EC0-301F-11D3-BF4B-00C04F79EFBC}") = "Alpha.Collector.Utils", "Alpha.Collector.Utils\Alpha.Collector.Utils.csproj", "{98366994-A207-42FB-BB29-53F88882E654}"
EndProject
Project("{FAE04EC0-301F-11D3-BF4B-00C04F79EFBC}") = "Alpha.Collector.Test", "Alpha.Collector.Test\Alpha.Collector.Test.csproj", "{8B5D44D3-78A0-494B-A657-A394C2FD82E9}"
EndProject
Project("{FAE04EC0-301F-11D3-BF4B-00C04F79EFBC}") = "Alpha.Collector.Core", "Alpha.Collector.Core\Alpha.Collector.Core.csproj", "{4EF37479-0A18-4FF6-B25E-454637B1683B}"
EndProject
Project("{FAE04EC0-301F-11D3-BF4B-00C04F79EFBC}") = "Alpha.Collector.Service", "Alpha.Collector.Service\Alpha.Collector.Service.csproj", "{42876754-0119-4D39-A3E6-8DB7CAE069E8}"
EndProject
Project("{FAE04EC0-301F-11D3-BF4B-00C04F79EFBC}") = "Alpha.Collector.Web", "Alpha.Collector.Web\Alpha.Collector.Web.csproj", "{50B531A2-E5F4-4063-990F-0738185E62A8}"
EndProject
Global
	GlobalSection(SolutionConfigurationPlatforms) = preSolution
		Debug|Any CPU = Debug|Any CPU
		Release|Any CPU = Release|Any CPU
	EndGlobalSection
	GlobalSection(ProjectConfigurationPlatforms) = postSolution
		{7584C433-90C6-4182-839E-D3242E67D538}.Debug|Any CPU.ActiveCfg = Debug|Any CPU
		{7584C433-90C6-4182-839E-D3242E67D538}.Debug|Any CPU.Build.0 = Debug|Any CPU
		{7584C433-90C6-4182-839E-D3242E67D538}.Release|Any CPU.ActiveCfg = Release|Any CPU
		{7584C433-90C6-4182-839E-D3242E67D538}.Release|Any CPU.Build.0 = Release|Any CPU
		{5AAFB159-3DCE-4124-975A-7F4D62FC35C1}.Debug|Any CPU.ActiveCfg = Debug|Any CPU
		{5AAFB159-3DCE-4124-975A-7F4D62FC35C1}.Debug|Any CPU.Build.0 = Debug|Any CPU
		{5AAFB159-3DCE-4124-975A-7F4D62FC35C1}.Release|Any CPU.ActiveCfg = Release|Any CPU
		{5AAFB159-3DCE-4124-975A-7F4D62FC35C1}.Release|Any CPU.Build.0 = Release|Any CPU
		{98366994-A207-42FB-BB29-53F88882E654}.Debug|Any CPU.ActiveCfg = Debug|Any CPU
		{98366994-A207-42FB-BB29-53F88882E654}.Debug|Any CPU.Build.0 = Debug|Any CPU
		{98366994-A207-42FB-BB29-53F88882E654}.Release|Any CPU.ActiveCfg = Release|Any CPU
		{98366994-A207-42FB-BB29-53F88882E654}.Release|Any CPU.Build.0 = Release|Any CPU
		{8B5D44D3-78A0-494B-A657-A394C2FD82E9}.Debug|Any CPU.ActiveCfg = Debug|Any CPU
		{8B5D44D3-78A0-494B-A657-A394C2FD82E9}.Debug|Any CPU.Build.0 = Debug|Any CPU
		{8B5D44D3-78A0-494B-A657-A394C2FD82E9}.Release|Any CPU.ActiveCfg = Release|Any CPU
		{8B5D44D3-78A0-494B-A657-A394C2FD82E9}.Release|Any CPU.Build.0 = Release|Any CPU
		{4EF37479-0A18-4FF6-B25E-454637B1683B}.Debug|Any CPU.ActiveCfg = Debug|Any CPU
		{4EF37479-0A18-4FF6-B25E-454637B1683B}.Debug|Any CPU.Build.0 = Debug|Any CPU
		{4EF37479-0A18-4FF6-B25E-454637B1683B}.Release|Any CPU.ActiveCfg = Release|Any CPU
		{4EF37479-0A18-4FF6-B25E-454637B1683B}.Release|Any CPU.Build.0 = Release|Any CPU
		{42876754-0119-4D39-A3E6-8DB7CAE069E8}.Debug|Any CPU.ActiveCfg = Debug|Any CPU
		{42876754-0119-4D39-A3E6-8DB7CAE069E8}.Debug|Any CPU.Build.0 = Debug|Any CPU
		{42876754-0119-4D39-A3E6-8DB7CAE069E8}.Release|Any CPU.ActiveCfg = Release|Any CPU
		{42876754-0119-4D39-A3E6-8DB7CAE069E8}.Release|Any CPU.Build.0 = Release|Any CPU
		{50B531A2-E5F4-4063-990F-0738185E62A8}.Debug|Any CPU.ActiveCfg = Debug|Any CPU
		{50B531A2-E5F4-4063-990F-0738185E62A8}.Debug|Any CPU.Build.0 = Debug|Any CPU
		{50B531A2-E5F4-4063-990F-0738185E62A8}.Release|Any CPU.ActiveCfg = Release|Any CPU
		{50B531A2-E5F4-4063-990F-0738185E62A8}.Release|Any CPU.Build.0 = Release|Any CPU
	EndGlobalSection
	GlobalSection(SolutionProperties) = preSolution
		HideSolutionNode = FALSE
	EndGlobalSection
EndGlobal
